PODS:
  - Masonry (1.0.2)
  - SDWebImage (4.0.0):
    - SDWebImage/Core (= 4.0.0)
  - SDWebImage/Core (4.0.0)
  - SGInfiniteView (0.1.1)
  - SVProgressHUD (2.1.2)

DEPENDENCIES:
  - Masonry
  - SDWebImage
  - SGInfiniteView
  - SVProgressHUD

SPEC CHECKSUMS:
  Masonry: 7c429b56da9d4ee0bbb3ed77a5ea710d6a5df39e
  SDWebImage: 76a6348bdc74eb5a55dd08a091ef298e56b55e41
  SGInfiniteView: 00482ad515ef76c26ce41bb2dec88f44deed9577
  SVProgressHUD: c404a55d78acbeb7ebb78b76d3faf986475a6994

PODFILE CHECKSUM: 18bbefac100f6ce0bdf66252aa0997a8f62beef7

COCOAPODS: 1.1.1
