PODS:
  - Masonry (1.1.0)
  - SDWebImage (4.2.2):
    - SDWebImage/Core (= 4.2.2)
  - SDWebImage/Core (4.2.2)
  - SGInfiniteView (0.1.2)
  - SVProgressHUD (2.2.2)

DEPENDENCIES:
  - Masonry (= 1.1.0)
  - SDWebImage (= 4.2.2)
  - SGInfiniteView (= 0.1.2)
  - SVProgressHUD

SPEC CHECKSUMS:
  Masonry: 678fab65091a9290e40e2832a55e7ab731aad201
  SDWebImage: 89a9d32cd520bbb46eb14e541d5109b3564af198
  SGInfiniteView: 768ad4a08e76bd64e9c4ce9108833904f1093de7
  SVProgressHUD: 59b2d3dabacbd051576d21d32293ca7228dc18b0

PODFILE CHECKSUM: fac176efe61d48114933f6d0fcce175f79442065

COCOAPODS: 1.4.0.beta.2
